
Microsoft Visual Studio Solution File, Format Version 12.00
# Visual Studio Version 17
VisualStudioVersion = 17.2.32505.173
MinimumVisualStudioVersion = 10.0.40219.1
Project("{9A19103F-16F7-4668-BE54-9A1E7A4F7556}") = "SolidShineUi", "SolidShineUi\SolidShineUi.csproj", "{E45CD1DB-F48D-4B29-B832-52D5B634B145}"
EndProject
Project("{9A19103F-16F7-4668-BE54-9A1E7A4F7556}") = "SsuiSample", "SsuiSample\SsuiSample.csproj", "{738CB827-ADE5-4BB5-9919-3A5FE88A7EBA}"
	ProjectSection(ProjectDependencies) = postProject
		{E45CD1DB-F48D-4B29-B832-52D5B634B145} = {E45CD1DB-F48D-4B29-B832-52D5B634B145}
	EndProjectSection
EndProject
Project("{2150E333-8FDC-42A3-9474-1A3956D46DE8}") = "Solution Items", "Solution Items", "{69561AEC-53B8-4459-9EE7-EA22411500C5}"
	ProjectSection(SolutionItems) = preProject
		.editorconfig = .editorconfig
		README.md = README.md
		Docs\ROADMAP.md = Docs\ROADMAP.md
	EndProjectSection
EndProject
Project("{9A19103F-16F7-4668-BE54-9A1E7A4F7556}") = "SsuiWindows11Interop", "SsuiWindows11Interop\SsuiWindows11Interop.csproj", "{D3579F5A-7155-4575-A1C4-BADF0B1EB8A0}"
EndProject
Project("{FAE04EC0-301F-11D3-BF4B-00C04F79EFBC}") = "SsuiAvalonia", "SsuiAvalonia\SsuiAvalonia.csproj", "{CAE6CD65-AAFC-49E2-9508-7C3EF63ABEBF}"
EndProject
Project("{FAE04EC0-301F-11D3-BF4B-00C04F79EFBC}") = "SsuiSampleAvalonia", "SsuiSampleAvalonia\SsuiSampleAvalonia.csproj", "{3C76F0D9-51D7-47F2-925E-6A07DD8BC3FA}"
EndProject
Global
	GlobalSection(SolutionConfigurationPlatforms) = preSolution
		Debug|Any CPU = Debug|Any CPU
		Release|Any CPU = Release|Any CPU
	EndGlobalSection
	GlobalSection(ProjectConfigurationPlatforms) = postSolution
		{E45CD1DB-F48D-4B29-B832-52D5B634B145}.Debug|Any CPU.ActiveCfg = Debug|Any CPU
		{E45CD1DB-F48D-4B29-B832-52D5B634B145}.Debug|Any CPU.Build.0 = Debug|Any CPU
		{E45CD1DB-F48D-4B29-B832-52D5B634B145}.Release|Any CPU.ActiveCfg = Release|Any CPU
		{E45CD1DB-F48D-4B29-B832-52D5B634B145}.Release|Any CPU.Build.0 = Release|Any CPU
		{738CB827-ADE5-4BB5-9919-3A5FE88A7EBA}.Debug|Any CPU.ActiveCfg = Debug|Any CPU
		{738CB827-ADE5-4BB5-9919-3A5FE88A7EBA}.Debug|Any CPU.Build.0 = Debug|Any CPU
		{738CB827-ADE5-4BB5-9919-3A5FE88A7EBA}.Release|Any CPU.ActiveCfg = Release|Any CPU
		{738CB827-ADE5-4BB5-9919-3A5FE88A7EBA}.Release|Any CPU.Build.0 = Release|Any CPU
		{D3579F5A-7155-4575-A1C4-BADF0B1EB8A0}.Debug|Any CPU.ActiveCfg = Debug|Any CPU
		{D3579F5A-7155-4575-A1C4-BADF0B1EB8A0}.Debug|Any CPU.Build.0 = Debug|Any CPU
		{D3579F5A-7155-4575-A1C4-BADF0B1EB8A0}.Release|Any CPU.ActiveCfg = Release|Any CPU
		{D3579F5A-7155-4575-A1C4-BADF0B1EB8A0}.Release|Any CPU.Build.0 = Release|Any CPU
		{CAE6CD65-AAFC-49E2-9508-7C3EF63ABEBF}.Debug|Any CPU.ActiveCfg = Debug|Any CPU
		{CAE6CD65-AAFC-49E2-9508-7C3EF63ABEBF}.Debug|Any CPU.Build.0 = Debug|Any CPU
		{CAE6CD65-AAFC-49E2-9508-7C3EF63ABEBF}.Release|Any CPU.ActiveCfg = Release|Any CPU
		{CAE6CD65-AAFC-49E2-9508-7C3EF63ABEBF}.Release|Any CPU.Build.0 = Release|Any CPU
		{3C76F0D9-51D7-47F2-925E-6A07DD8BC3FA}.Debug|Any CPU.ActiveCfg = Debug|Any CPU
		{3C76F0D9-51D7-47F2-925E-6A07DD8BC3FA}.Debug|Any CPU.Build.0 = Debug|Any CPU
		{3C76F0D9-51D7-47F2-925E-6A07DD8BC3FA}.Release|Any CPU.ActiveCfg = Release|Any CPU
		{3C76F0D9-51D7-47F2-925E-6A07DD8BC3FA}.Release|Any CPU.Build.0 = Release|Any CPU
	EndGlobalSection
	GlobalSection(SolutionProperties) = preSolution
		HideSolutionNode = FALSE
	EndGlobalSection
	GlobalSection(ExtensibilityGlobals) = postSolution
		SolutionGuid = {1F0A9CFD-D3AA-4BC8-B36B-CA794351B815}
	EndGlobalSection
EndGlobal
